
Microsoft Visual Studio Solution File, Format Version 12.00
# Visual Studio 2013
VisualStudioVersion = 12.0
MinimumVisualStudioVersion = 12.0
Project("{2150E333-8FDC-42A3-9474-1A3956D46DE8}") = "Sandbox-Package", "Sandbox-Package", "{00F4F862-821D-493F-B694-FC62FC23D54D}"
EndProject
Project("{8BC9CEB8-8B4A-11D0-8D11-00A0C91BC942}") = "sandbox-Package", "sandbox-Package\sandbox-Package.vcxproj", "{3D2D25FA-06C9-4448-9B8C-735CA9CF3C45}"
EndProject
Project("{8BC9CEB8-8B4A-11D0-8D11-00A0C91BC942}") = "sandbox", "sandbox.vcxproj", "{01E50A53-6865-452F-8638-1553D7C29006}"
EndProject
Global
	GlobalSection(SolutionConfigurationPlatforms) = preSolution
		Win8.1 Debug|Win32 = Win8.1 Debug|Win32
		Win8.1 Debug|x64 = Win8.1 Debug|x64
		Win8.1 Release|Win32 = Win8.1 Release|Win32
		Win8.1 Release|x64 = Win8.1 Release|x64
		Win8 Debug|Win32 = Win8 Debug|Win32
		Win8 Debug|x64 = Win8 Debug|x64
		Win8 Release|Win32 = Win8 Release|Win32
		Win8 Release|x64 = Win8 Release|x64
		Win7 Debug|Win32 = Win7 Debug|Win32
		Win7 Debug|x64 = Win7 Debug|x64
		Win7 Release|Win32 = Win7 Release|Win32
		Win7 Release|x64 = Win7 Release|x64
	EndGlobalSection
	GlobalSection(ProjectConfigurationPlatforms) = postSolution
		{3D2D25FA-06C9-4448-9B8C-735CA9CF3C45}.Win8.1 Debug|Win32.ActiveCfg = Win8.1 Debug|Win32
		{3D2D25FA-06C9-4448-9B8C-735CA9CF3C45}.Win8.1 Debug|Win32.Build.0 = Win8.1 Debug|Win32
		{3D2D25FA-06C9-4448-9B8C-735CA9CF3C45}.Win8.1 Debug|x64.ActiveCfg = Win8.1 Debug|x64
		{3D2D25FA-06C9-4448-9B8C-735CA9CF3C45}.Win8.1 Debug|x64.Build.0 = Win8.1 Debug|x64
		{3D2D25FA-06C9-4448-9B8C-735CA9CF3C45}.Win8.1 Release|Win32.ActiveCfg = Win8.1 Release|Win32
		{3D2D25FA-06C9-4448-9B8C-735CA9CF3C45}.Win8.1 Release|Win32.Build.0 = Win8.1 Release|Win32
		{3D2D25FA-06C9-4448-9B8C-735CA9CF3C45}.Win8.1 Release|x64.ActiveCfg = Win8.1 Release|x64
		{3D2D25FA-06C9-4448-9B8C-735CA9CF3C45}.Win8.1 Release|x64.Build.0 = Win8.1 Release|x64
		{3D2D25FA-06C9-4448-9B8C-735CA9CF3C45}.Win8 Debug|Win32.ActiveCfg = Win8 Debug|Win32
		{3D2D25FA-06C9-4448-9B8C-735CA9CF3C45}.Win8 Debug|Win32.Build.0 = Win8 Debug|Win32
		{3D2D25FA-06C9-4448-9B8C-735CA9CF3C45}.Win8 Debug|x64.ActiveCfg = Win8 Debug|x64
		{3D2D25FA-06C9-4448-9B8C-735CA9CF3C45}.Win8 Debug|x64.Build.0 = Win8 Debug|x64
		{3D2D25FA-06C9-4448-9B8C-735CA9CF3C45}.Win8 Release|Win32.ActiveCfg = Win8 Release|Win32
		{3D2D25FA-06C9-4448-9B8C-735CA9CF3C45}.Win8 Release|Win32.Build.0 = Win8 Release|Win32
		{3D2D25FA-06C9-4448-9B8C-735CA9CF3C45}.Win8 Release|x64.ActiveCfg = Win8 Release|x64
		{3D2D25FA-06C9-4448-9B8C-735CA9CF3C45}.Win8 Release|x64.Build.0 = Win8 Release|x64
		{3D2D25FA-06C9-4448-9B8C-735CA9CF3C45}.Win7 Debug|Win32.ActiveCfg = Win7 Debug|Win32
		{3D2D25FA-06C9-4448-9B8C-735CA9CF3C45}.Win7 Debug|Win32.Build.0 = Win7 Debug|Win32
		{3D2D25FA-06C9-4448-9B8C-735CA9CF3C45}.Win7 Debug|x64.ActiveCfg = Win7 Debug|x64
		{3D2D25FA-06C9-4448-9B8C-735CA9CF3C45}.Win7 Debug|x64.Build.0 = Win7 Debug|x64
		{3D2D25FA-06C9-4448-9B8C-735CA9CF3C45}.Win7 Release|Win32.ActiveCfg = Win7 Release|Win32
		{3D2D25FA-06C9-4448-9B8C-735CA9CF3C45}.Win7 Release|Win32.Build.0 = Win7 Release|Win32
		{3D2D25FA-06C9-4448-9B8C-735CA9CF3C45}.Win7 Release|x64.ActiveCfg = Win7 Release|x64
		{3D2D25FA-06C9-4448-9B8C-735CA9CF3C45}.Win7 Release|x64.Build.0 = Win7 Release|x64
		{01E50A53-6865-452F-8638-1553D7C29006}.Win8.1 Debug|Win32.ActiveCfg = Win8.1 Debug|Win32
		{01E50A53-6865-452F-8638-1553D7C29006}.Win8.1 Debug|Win32.Build.0 = Win8.1 Debug|Win32
		{01E50A53-6865-452F-8638-1553D7C29006}.Win8.1 Debug|x64.ActiveCfg = Win8.1 Debug|x64
		{01E50A53-6865-452F-8638-1553D7C29006}.Win8.1 Debug|x64.Build.0 = Win8.1 Debug|x64
		{01E50A53-6865-452F-8638-1553D7C29006}.Win8.1 Release|Win32.ActiveCfg = Win8.1 Release|Win32
		{01E50A53-6865-452F-8638-1553D7C29006}.Win8.1 Release|Win32.Build.0 = Win8.1 Release|Win32
		{01E50A53-6865-452F-8638-1553D7C29006}.Win8.1 Release|x64.ActiveCfg = Win8.1 Release|x64
		{01E50A53-6865-452F-8638-1553D7C29006}.Win8.1 Release|x64.Build.0 = Win8.1 Release|x64
		{01E50A53-6865-452F-8638-1553D7C29006}.Win8 Debug|Win32.ActiveCfg = Win8 Debug|Win32
		{01E50A53-6865-452F-8638-1553D7C29006}.Win8 Debug|Win32.Build.0 = Win8 Debug|Win32
		{01E50A53-6865-452F-8638-1553D7C29006}.Win8 Debug|x64.ActiveCfg = Win8 Debug|x64
		{01E50A53-6865-452F-8638-1553D7C29006}.Win8 Debug|x64.Build.0 = Win8 Debug|x64
		{01E50A53-6865-452F-8638-1553D7C29006}.Win8 Release|Win32.ActiveCfg = Win8 Release|Win32
		{01E50A53-6865-452F-8638-1553D7C29006}.Win8 Release|Win32.Build.0 = Win8 Release|Win32
		{01E50A53-6865-452F-8638-1553D7C29006}.Win8 Release|x64.ActiveCfg = Win8 Release|x64
		{01E50A53-6865-452F-8638-1553D7C29006}.Win8 Release|x64.Build.0 = Win8 Release|x64
		{01E50A53-6865-452F-8638-1553D7C29006}.Win7 Debug|Win32.ActiveCfg = Win7 Debug|Win32
		{01E50A53-6865-452F-8638-1553D7C29006}.Win7 Debug|Win32.Build.0 = Win7 Debug|Win32
		{01E50A53-6865-452F-8638-1553D7C29006}.Win7 Debug|x64.ActiveCfg = Win7 Debug|x64
		{01E50A53-6865-452F-8638-1553D7C29006}.Win7 Debug|x64.Build.0 = Win7 Debug|x64
		{01E50A53-6865-452F-8638-1553D7C29006}.Win7 Release|Win32.ActiveCfg = Win7 Release|Win32
		{01E50A53-6865-452F-8638-1553D7C29006}.Win7 Release|Win32.Build.0 = Win7 Release|Win32
		{01E50A53-6865-452F-8638-1553D7C29006}.Win7 Release|x64.ActiveCfg = Win7 Release|x64
		{01E50A53-6865-452F-8638-1553D7C29006}.Win7 Release|x64.Build.0 = Win7 Release|x64
	EndGlobalSection
	GlobalSection(SolutionProperties) = preSolution
		HideSolutionNode = FALSE
	EndGlobalSection
	GlobalSection(NestedProjects) = preSolution
		{3D2D25FA-06C9-4448-9B8C-735CA9CF3C45} = {00F4F862-821D-493F-B694-FC62FC23D54D}
	EndGlobalSection
EndGlobal
